
Microsoft Visual Studio Solution File, Format Version 12.00
# Visual Studio Version 17
VisualStudioVersion = 17.7.34018.315
MinimumVisualStudioVersion = 10.0.40219.1
Project("{FAE04EC0-301F-11D3-BF4B-00C04F79EFBC}") = "CRUDWithADONet", "CRUDWithADONet\CRUDWithADONet.csproj", "{3BA82329-4E5F-4678-9972-A387B48454B7}"
EndProject
Global
	GlobalSection(SolutionConfigurationPlatforms) = preSolution
		Debug|Any CPU = Debug|Any CPU
		Release|Any CPU = Release|Any CPU
	EndGlobalSection
	GlobalSection(ProjectConfigurationPlatforms) = postSolution
		{3BA82329-4E5F-4678-9972-A387B48454B7}.Debug|Any CPU.ActiveCfg = Debug|Any CPU
		{3BA82329-4E5F-4678-9972-A387B48454B7}.Debug|Any CPU.Build.0 = Debug|Any CPU
		{3BA82329-4E5F-4678-9972-A387B48454B7}.Release|Any CPU.ActiveCfg = Release|Any CPU
		{3BA82329-4E5F-4678-9972-A387B48454B7}.Release|Any CPU.Build.0 = Release|Any CPU
	EndGlobalSection
	GlobalSection(SolutionProperties) = preSolution
		HideSolutionNode = FALSE
	EndGlobalSection
	GlobalSection(ExtensibilityGlobals) = postSolution
		SolutionGuid = {A089488E-F34E-480E-BF64-02E8D53190A0}
	EndGlobalSection
EndGlobal
